// !$*UTF8*$!
{
	archiveVersion = 1;
	classes = {
	};
	objectVersion = 56;
	objects = {

/* Begin PBXBuildFile section */
		B01B2DE72C3E6C5F00B981FC /* AppDelegate.swift in Sources */ = {isa = PBXBuildFile; fileRef = B01B2DE62C3E6C5F00B981FC /* AppDelegate.swift */; };
		B01B2DE92C3E6C5F00B981FC /* SceneDelegate.swift in Sources */ = {isa = PBXBuildFile; fileRef = B01B2DE82C3E6C5F00B981FC /* SceneDelegate.swift */; };
		B01B2DEB2C3E6C5F00B981FC /* WeatherViewController.swift in Sources */ = {isa = PBXBuildFile; fileRef = B01B2DEA2C3E6C5F00B981FC /* WeatherViewController.swift */; };
		B01B2DEE2C3E6C5F00B981FC /* Base in Resources */ = {isa = PBXBuildFile; fileRef = B01B2DED2C3E6C5F00B981FC /* Base */; };
		B01B2DF02C3E6C6100B981FC /* Assets.xcassets in Resources */ = {isa = PBXBuildFile; fileRef = B01B2DEF2C3E6C6100B981FC /* Assets.xcassets */; };
		B01B2DF32C3E6C6100B981FC /* Base in Resources */ = {isa = PBXBuildFile; fileRef = B01B2DF22C3E6C6100B981FC /* Base */; };
		B01B2DFB2C3E9DA600B981FC /* BaseViewController.swift in Sources */ = {isa = PBXBuildFile; fileRef = B01B2DFA2C3E9DA600B981FC /* BaseViewController.swift */; };
		B01B2DFE2C3E9E4200B981FC /* SnapKit in Frameworks */ = {isa = PBXBuildFile; productRef = B01B2DFD2C3E9E4200B981FC /* SnapKit */; };
		B01B2E012C3E9E4B00B981FC /* Alamofire in Frameworks */ = {isa = PBXBuildFile; productRef = B01B2E002C3E9E4B00B981FC /* Alamofire */; };
		B01B2E052C3EAC5500B981FC /* WeatherCollectionViewCell.swift in Sources */ = {isa = PBXBuildFile; fileRef = B01B2E042C3EAC5500B981FC /* WeatherCollectionViewCell.swift */; };
		B01B2E092C3EAC9200B981FC /* Reusable.swift in Sources */ = {isa = PBXBuildFile; fileRef = B01B2E082C3EAC9200B981FC /* Reusable.swift */; };
		B01B2E0B2C3EACF300B981FC /* BaseCollectionViewCell.swift in Sources */ = {isa = PBXBuildFile; fileRef = B01B2E0A2C3EACF300B981FC /* BaseCollectionViewCell.swift */; };
		B01B2E0D2C3EBA3700B981FC /* WeatherTableViewCell.swift in Sources */ = {isa = PBXBuildFile; fileRef = B01B2E0C2C3EBA3700B981FC /* WeatherTableViewCell.swift */; };
		B01B2E0F2C3EBA4A00B981FC /* BaseTableViewCell.swift in Sources */ = {isa = PBXBuildFile; fileRef = B01B2E0E2C3EBA4A00B981FC /* BaseTableViewCell.swift */; };
		B01B2E112C3EC4C000B981FC /* .gitignore in Resources */ = {isa = PBXBuildFile; fileRef = B01B2E102C3EC4C000B981FC /* .gitignore */; };
		B01B2E152C3EC51200B981FC /* APIManager.swift in Sources */ = {isa = PBXBuildFile; fileRef = B01B2E142C3EC51200B981FC /* APIManager.swift */; };
		B01B2E172C3EC60400B981FC /* WeatherRequest.swift in Sources */ = {isa = PBXBuildFile; fileRef = B01B2E162C3EC60400B981FC /* WeatherRequest.swift */; };
		B01B2E192C3EC78D00B981FC /* WeatherManager.swift in Sources */ = {isa = PBXBuildFile; fileRef = B01B2E182C3EC78D00B981FC /* WeatherManager.swift */; };
		B01B2E1D2C3EC87800B981FC /* WeatherForecaseModel.swift in Sources */ = {isa = PBXBuildFile; fileRef = B01B2E1C2C3EC87800B981FC /* WeatherForecaseModel.swift */; };
		B01B2E2F2C411A7F00B981FC /* SectionType.swift in Sources */ = {isa = PBXBuildFile; fileRef = B01B2E2E2C411A7F00B981FC /* SectionType.swift */; };
		B01B2E322C4122FD00B981FC /* CustomHeaderView.swift in Sources */ = {isa = PBXBuildFile; fileRef = B01B2E312C4122FD00B981FC /* CustomHeaderView.swift */; };
		B01B2E382C412C6500B981FC /* HeaderView.swift in Sources */ = {isa = PBXBuildFile; fileRef = B01B2E372C412C6500B981FC /* HeaderView.swift */; };
		B01B2E3A2C41323100B981FC /* BaseView.swift in Sources */ = {isa = PBXBuildFile; fileRef = B01B2E392C41323100B981FC /* BaseView.swift */; };
		B01B2E3D2C41374800B981FC /* DailyIntervalTableViewCell.swift in Sources */ = {isa = PBXBuildFile; fileRef = B01B2E3C2C41374800B981FC /* DailyIntervalTableViewCell.swift */; };
		B01B2E3F2C41406700B981FC /* DailyforecastTableViewCell.swift in Sources */ = {isa = PBXBuildFile; fileRef = B01B2E3E2C41406700B981FC /* DailyforecastTableViewCell.swift */; };
		B01B2E412C4148B800B981FC /* Observable.swift in Sources */ = {isa = PBXBuildFile; fileRef = B01B2E402C4148B800B981FC /* Observable.swift */; };
		B01B2E432C41492E00B981FC /* WeatherViewModel.swift in Sources */ = {isa = PBXBuildFile; fileRef = B01B2E422C41492E00B981FC /* WeatherViewModel.swift */; };
		B01B2E462C41660A00B981FC /* CurrentWeatherModel.swift in Sources */ = {isa = PBXBuildFile; fileRef = B01B2E452C41660A00B981FC /* CurrentWeatherModel.swift */; };
		B01B2E492C418CC900B981FC /* Kingfisher in Frameworks */ = {isa = PBXBuildFile; productRef = B01B2E482C418CC900B981FC /* Kingfisher */; };
		B01B2E4F2C425E6000B981FC /* CitySearchViewController.swift in Sources */ = {isa = PBXBuildFile; fileRef = B01B2E4E2C425E6000B981FC /* CitySearchViewController.swift */; };
		B01B2E512C426DC200B981FC /* CitySearchTableViewCell.swift in Sources */ = {isa = PBXBuildFile; fileRef = B01B2E502C426DC200B981FC /* CitySearchTableViewCell.swift */; };
		B01B2E532C42751E00B981FC /* CityListModel.swift in Sources */ = {isa = PBXBuildFile; fileRef = B01B2E522C42751D00B981FC /* CityListModel.swift */; };
		B01B2E552C42811E00B981FC /* CityList.json in Resources */ = {isa = PBXBuildFile; fileRef = B01B2E542C42811E00B981FC /* CityList.json */; };
		B01B2E572C42858F00B981FC /* CitySearchViewModel.swift in Sources */ = {isa = PBXBuildFile; fileRef = B01B2E562C42858F00B981FC /* CitySearchViewModel.swift */; };
/* End PBXBuildFile section */

/* Begin PBXFileReference section */
		B01B2DE32C3E6C5F00B981FC /* CityWeather.app */ = {isa = PBXFileReference; explicitFileType = wrapper.application; includeInIndex = 0; path = CityWeather.app; sourceTree = BUILT_PRODUCTS_DIR; };
		B01B2DE62C3E6C5F00B981FC /* AppDelegate.swift */ = {isa = PBXFileReference; lastKnownFileType = sourcecode.swift; path = AppDelegate.swift; sourceTree = "<group>"; };
		B01B2DE82C3E6C5F00B981FC /* SceneDelegate.swift */ = {isa = PBXFileReference; lastKnownFileType = sourcecode.swift; path = SceneDelegate.swift; sourceTree = "<group>"; };
		B01B2DEA2C3E6C5F00B981FC /* WeatherViewController.swift */ = {isa = PBXFileReference; lastKnownFileType = sourcecode.swift; path = WeatherViewController.swift; sourceTree = "<group>"; };
		B01B2DED2C3E6C5F00B981FC /* Base */ = {isa = PBXFileReference; lastKnownFileType = file.storyboard; name = Base; path = Base.lproj/Main.storyboard; sourceTree = "<group>"; };
		B01B2DEF2C3E6C6100B981FC /* Assets.xcassets */ = {isa = PBXFileReference; lastKnownFileType = folder.assetcatalog; path = Assets.xcassets; sourceTree = "<group>"; };
		B01B2DF22C3E6C6100B981FC /* Base */ = {isa = PBXFileReference; lastKnownFileType = file.storyboard; name = Base; path = Base.lproj/LaunchScreen.storyboard; sourceTree = "<group>"; };
		B01B2DF42C3E6C6100B981FC /* Info.plist */ = {isa = PBXFileReference; lastKnownFileType = text.plist.xml; path = Info.plist; sourceTree = "<group>"; };
		B01B2DFA2C3E9DA600B981FC /* BaseViewController.swift */ = {isa = PBXFileReference; lastKnownFileType = sourcecode.swift; path = BaseViewController.swift; sourceTree = "<group>"; };
		B01B2E042C3EAC5500B981FC /* WeatherCollectionViewCell.swift */ = {isa = PBXFileReference; lastKnownFileType = sourcecode.swift; path = WeatherCollectionViewCell.swift; sourceTree = "<group>"; };
		B01B2E082C3EAC9200B981FC /* Reusable.swift */ = {isa = PBXFileReference; lastKnownFileType = sourcecode.swift; path = Reusable.swift; sourceTree = "<group>"; };
		B01B2E0A2C3EACF300B981FC /* BaseCollectionViewCell.swift */ = {isa = PBXFileReference; lastKnownFileType = sourcecode.swift; path = BaseCollectionViewCell.swift; sourceTree = "<group>"; };
		B01B2E0C2C3EBA3700B981FC /* WeatherTableViewCell.swift */ = {isa = PBXFileReference; lastKnownFileType = sourcecode.swift; path = WeatherTableViewCell.swift; sourceTree = "<group>"; };
		B01B2E0E2C3EBA4A00B981FC /* BaseTableViewCell.swift */ = {isa = PBXFileReference; lastKnownFileType = sourcecode.swift; path = BaseTableViewCell.swift; sourceTree = "<group>"; };
		B01B2E102C3EC4C000B981FC /* .gitignore */ = {isa = PBXFileReference; lastKnownFileType = text; path = .gitignore; sourceTree = "<group>"; };
		B01B2E142C3EC51200B981FC /* APIManager.swift */ = {isa = PBXFileReference; lastKnownFileType = sourcecode.swift; path = APIManager.swift; sourceTree = "<group>"; };
		B01B2E162C3EC60400B981FC /* WeatherRequest.swift */ = {isa = PBXFileReference; lastKnownFileType = sourcecode.swift; path = WeatherRequest.swift; sourceTree = "<group>"; };
		B01B2E182C3EC78D00B981FC /* WeatherManager.swift */ = {isa = PBXFileReference; lastKnownFileType = sourcecode.swift; path = WeatherManager.swift; sourceTree = "<group>"; };
		B01B2E1C2C3EC87800B981FC /* WeatherForecaseModel.swift */ = {isa = PBXFileReference; lastKnownFileType = sourcecode.swift; path = WeatherForecaseModel.swift; sourceTree = "<group>"; };
		B01B2E2E2C411A7F00B981FC /* SectionType.swift */ = {isa = PBXFileReference; lastKnownFileType = sourcecode.swift; path = SectionType.swift; sourceTree = "<group>"; };
		B01B2E312C4122FD00B981FC /* CustomHeaderView.swift */ = {isa = PBXFileReference; lastKnownFileType = sourcecode.swift; path = CustomHeaderView.swift; sourceTree = "<group>"; };
		B01B2E372C412C6500B981FC /* HeaderView.swift */ = {isa = PBXFileReference; lastKnownFileType = sourcecode.swift; path = HeaderView.swift; sourceTree = "<group>"; };
		B01B2E392C41323100B981FC /* BaseView.swift */ = {isa = PBXFileReference; lastKnownFileType = sourcecode.swift; path = BaseView.swift; sourceTree = "<group>"; };
		B01B2E3C2C41374800B981FC /* DailyIntervalTableViewCell.swift */ = {isa = PBXFileReference; lastKnownFileType = sourcecode.swift; path = DailyIntervalTableViewCell.swift; sourceTree = "<group>"; };
		B01B2E3E2C41406700B981FC /* DailyforecastTableViewCell.swift */ = {isa = PBXFileReference; lastKnownFileType = sourcecode.swift; path = DailyforecastTableViewCell.swift; sourceTree = "<group>"; };
		B01B2E402C4148B800B981FC /* Observable.swift */ = {isa = PBXFileReference; lastKnownFileType = sourcecode.swift; path = Observable.swift; sourceTree = "<group>"; };
		B01B2E422C41492E00B981FC /* WeatherViewModel.swift */ = {isa = PBXFileReference; lastKnownFileType = sourcecode.swift; path = WeatherViewModel.swift; sourceTree = "<group>"; };
		B01B2E452C41660A00B981FC /* CurrentWeatherModel.swift */ = {isa = PBXFileReference; lastKnownFileType = sourcecode.swift; path = CurrentWeatherModel.swift; sourceTree = "<group>"; };
		B01B2E4E2C425E6000B981FC /* CitySearchViewController.swift */ = {isa = PBXFileReference; lastKnownFileType = sourcecode.swift; path = CitySearchViewController.swift; sourceTree = "<group>"; };
		B01B2E502C426DC200B981FC /* CitySearchTableViewCell.swift */ = {isa = PBXFileReference; lastKnownFileType = sourcecode.swift; path = CitySearchTableViewCell.swift; sourceTree = "<group>"; };
		B01B2E522C42751D00B981FC /* CityListModel.swift */ = {isa = PBXFileReference; lastKnownFileType = sourcecode.swift; path = CityListModel.swift; sourceTree = "<group>"; };
		B01B2E542C42811E00B981FC /* CityList.json */ = {isa = PBXFileReference; fileEncoding = 4; lastKnownFileType = text.json; path = CityList.json; sourceTree = "<group>"; };
		B01B2E562C42858F00B981FC /* CitySearchViewModel.swift */ = {isa = PBXFileReference; lastKnownFileType = sourcecode.swift; path = CitySearchViewModel.swift; sourceTree = "<group>"; };
/* End PBXFileReference section */

/* Begin PBXFrameworksBuildPhase section */
		B01B2DE02C3E6C5F00B981FC /* Frameworks */ = {
			isa = PBXFrameworksBuildPhase;
			buildActionMask = 2147483647;
			files = (
				B01B2E492C418CC900B981FC /* Kingfisher in Frameworks */,
				B01B2DFE2C3E9E4200B981FC /* SnapKit in Frameworks */,
				B01B2E012C3E9E4B00B981FC /* Alamofire in Frameworks */,
			);
			runOnlyForDeploymentPostprocessing = 0;
		};
/* End PBXFrameworksBuildPhase section */

/* Begin PBXGroup section */
		B01B2DDA2C3E6C5F00B981FC = {
			isa = PBXGroup;
			children = (
				B01B2E102C3EC4C000B981FC /* .gitignore */,
				B01B2DE52C3E6C5F00B981FC /* CityWeather */,
				B01B2DE42C3E6C5F00B981FC /* Products */,
			);
			sourceTree = "<group>";
		};
		B01B2DE42C3E6C5F00B981FC /* Products */ = {
			isa = PBXGroup;
			children = (
				B01B2DE32C3E6C5F00B981FC /* CityWeather.app */,
			);
			name = Products;
			sourceTree = "<group>";
		};
		B01B2DE52C3E6C5F00B981FC /* CityWeather */ = {
			isa = PBXGroup;
			children = (
				B01B2E022C3EAC0400B981FC /* Main */,
				B01B2E582C4285D000B981FC /* CitySearch */,
				B01B2E062C3EAC5F00B981FC /* Protocol */,
				B01B2E032C3EAC0F00B981FC /* Base */,
				B01B2DEF2C3E6C6100B981FC /* Assets.xcassets */,
				B01B2E302C4122DC00B981FC /* Custom */,
				B01B2E072C3EAC7500B981FC /* Extension */,
				B01B2DEC2C3E6C5F00B981FC /* Main.storyboard */,
				B01B2E2D2C411A6600B981FC /* Enum */,
				B01B2DF12C3E6C6100B981FC /* LaunchScreen.storyboard */,
				B01B2DF42C3E6C6100B981FC /* Info.plist */,
				B01B2E142C3EC51200B981FC /* APIManager.swift */,
				B01B2E162C3EC60400B981FC /* WeatherRequest.swift */,
				B01B2E182C3EC78D00B981FC /* WeatherManager.swift */,
				B01B2E402C4148B800B981FC /* Observable.swift */,
				B01B2DE62C3E6C5F00B981FC /* AppDelegate.swift */,
				B01B2DE82C3E6C5F00B981FC /* SceneDelegate.swift */,
			);
			path = CityWeather;
			sourceTree = "<group>";
		};
		B01B2E022C3EAC0400B981FC /* Main */ = {
			isa = PBXGroup;
			children = (
				B01B2E4D2C425E3300B981FC /* ViewModel */,
				B01B2E442C4165EF00B981FC /* Model */,
				B01B2E4C2C425E1D00B981FC /* Controller */,
			);
			path = Main;
			sourceTree = "<group>";
		};
		B01B2E032C3EAC0F00B981FC /* Base */ = {
			isa = PBXGroup;
			children = (
				B01B2DFA2C3E9DA600B981FC /* BaseViewController.swift */,
				B01B2E392C41323100B981FC /* BaseView.swift */,
				B01B2E0E2C3EBA4A00B981FC /* BaseTableViewCell.swift */,
				B01B2E0A2C3EACF300B981FC /* BaseCollectionViewCell.swift */,
			);
			path = Base;
			sourceTree = "<group>";
		};
		B01B2E062C3EAC5F00B981FC /* Protocol */ = {
			isa = PBXGroup;
			children = (
			);
			path = Protocol;
			sourceTree = "<group>";
		};
		B01B2E072C3EAC7500B981FC /* Extension */ = {
			isa = PBXGroup;
			children = (
				B01B2E082C3EAC9200B981FC /* Reusable.swift */,
			);
			path = Extension;
			sourceTree = "<group>";
		};
		B01B2E2D2C411A6600B981FC /* Enum */ = {
			isa = PBXGroup;
			children = (
				B01B2E2E2C411A7F00B981FC /* SectionType.swift */,
			);
			path = Enum;
			sourceTree = "<group>";
		};
		B01B2E302C4122DC00B981FC /* Custom */ = {
			isa = PBXGroup;
			children = (
				B01B2E312C4122FD00B981FC /* CustomHeaderView.swift */,
				B01B2E372C412C6500B981FC /* HeaderView.swift */,
			);
			path = Custom;
			sourceTree = "<group>";
		};
		B01B2E3B2C4135A300B981FC /* Cell */ = {
			isa = PBXGroup;
			children = (
				B01B2E0C2C3EBA3700B981FC /* WeatherTableViewCell.swift */,
				B01B2E3C2C41374800B981FC /* DailyIntervalTableViewCell.swift */,
				B01B2E3E2C41406700B981FC /* DailyforecastTableViewCell.swift */,
				B01B2E042C3EAC5500B981FC /* WeatherCollectionViewCell.swift */,
				B01B2E502C426DC200B981FC /* CitySearchTableViewCell.swift */,
			);
			path = Cell;
			sourceTree = "<group>";
		};
		B01B2E442C4165EF00B981FC /* Model */ = {
			isa = PBXGroup;
			children = (
				B01B2E1C2C3EC87800B981FC /* WeatherForecaseModel.swift */,
				B01B2E452C41660A00B981FC /* CurrentWeatherModel.swift */,
			);
			path = Model;
			sourceTree = "<group>";
		};
		B01B2E4C2C425E1D00B981FC /* Controller */ = {
			isa = PBXGroup;
			children = (
				B01B2E3B2C4135A300B981FC /* Cell */,
				B01B2DEA2C3E6C5F00B981FC /* WeatherViewController.swift */,
			);
			path = Controller;
			sourceTree = "<group>";
		};
		B01B2E4D2C425E3300B981FC /* ViewModel */ = {
			isa = PBXGroup;
			children = (
				B01B2E422C41492E00B981FC /* WeatherViewModel.swift */,
			);
			path = ViewModel;
			sourceTree = "<group>";
		};
		B01B2E582C4285D000B981FC /* CitySearch */ = {
			isa = PBXGroup;
			children = (
				B01B2E5B2C4285E500B981FC /* Controller */,
				B01B2E5A2C4285DE00B981FC /* ViewModel */,
				B01B2E592C4285D900B981FC /* Model */,
			);
			path = CitySearch;
			sourceTree = "<group>";
		};
		B01B2E592C4285D900B981FC /* Model */ = {
			isa = PBXGroup;
			children = (
				B01B2E522C42751D00B981FC /* CityListModel.swift */,
				B01B2E542C42811E00B981FC /* CityList.json */,
			);
			path = Model;
			sourceTree = "<group>";
		};
		B01B2E5A2C4285DE00B981FC /* ViewModel */ = {
			isa = PBXGroup;
			children = (
				B01B2E562C42858F00B981FC /* CitySearchViewModel.swift */,
			);
			path = ViewModel;
			sourceTree = "<group>";
		};
		B01B2E5B2C4285E500B981FC /* Controller */ = {
			isa = PBXGroup;
			children = (
				B01B2E4E2C425E6000B981FC /* CitySearchViewController.swift */,
			);
			path = Controller;
			sourceTree = "<group>";
		};
/* End PBXGroup section */

/* Begin PBXNativeTarget section */
		B01B2DE22C3E6C5F00B981FC /* CityWeather */ = {
			isa = PBXNativeTarget;
			buildConfigurationList = B01B2DF72C3E6C6100B981FC /* Build configuration list for PBXNativeTarget "CityWeather" */;
			buildPhases = (
				B01B2DDF2C3E6C5F00B981FC /* Sources */,
				B01B2DE02C3E6C5F00B981FC /* Frameworks */,
				B01B2DE12C3E6C5F00B981FC /* Resources */,
			);
			buildRules = (
			);
			dependencies = (
			);
			name = CityWeather;
			packageProductDependencies = (
				B01B2DFD2C3E9E4200B981FC /* SnapKit */,
				B01B2E002C3E9E4B00B981FC /* Alamofire */,
				B01B2E482C418CC900B981FC /* Kingfisher */,
			);
			productName = CityWeather;
			productReference = B01B2DE32C3E6C5F00B981FC /* CityWeather.app */;
			productType = "com.apple.product-type.application";
		};
/* End PBXNativeTarget section */

/* Begin PBXProject section */
		B01B2DDB2C3E6C5F00B981FC /* Project object */ = {
			isa = PBXProject;
			attributes = {
				BuildIndependentTargetsInParallel = 1;
				LastSwiftUpdateCheck = 1540;
				LastUpgradeCheck = 1540;
				TargetAttributes = {
					B01B2DE22C3E6C5F00B981FC = {
						CreatedOnToolsVersion = 15.4;
					};
				};
			};
			buildConfigurationList = B01B2DDE2C3E6C5F00B981FC /* Build configuration list for PBXProject "CityWeather" */;
			compatibilityVersion = "Xcode 14.0";
			developmentRegion = en;
			hasScannedForEncodings = 0;
			knownRegions = (
				en,
				Base,
			);
			mainGroup = B01B2DDA2C3E6C5F00B981FC;
			packageReferences = (
				B01B2DFC2C3E9E4200B981FC /* XCRemoteSwiftPackageReference "SnapKit" */,
				B01B2DFF2C3E9E4B00B981FC /* XCRemoteSwiftPackageReference "Alamofire" */,
				B01B2E472C418CC800B981FC /* XCRemoteSwiftPackageReference "Kingfisher" */,
			);
			productRefGroup = B01B2DE42C3E6C5F00B981FC /* Products */;
			projectDirPath = "";
			projectRoot = "";
			targets = (
				B01B2DE22C3E6C5F00B981FC /* CityWeather */,
			);
		};
/* End PBXProject section */

/* Begin PBXResourcesBuildPhase section */
		B01B2DE12C3E6C5F00B981FC /* Resources */ = {
			isa = PBXResourcesBuildPhase;
			buildActionMask = 2147483647;
			files = (
				B01B2E552C42811E00B981FC /* CityList.json in Resources */,
				B01B2E112C3EC4C000B981FC /* .gitignore in Resources */,
				B01B2DF02C3E6C6100B981FC /* Assets.xcassets in Resources */,
				B01B2DF32C3E6C6100B981FC /* Base in Resources */,
				B01B2DEE2C3E6C5F00B981FC /* Base in Resources */,
			);
			runOnlyForDeploymentPostprocessing = 0;
		};
/* End PBXResourcesBuildPhase section */

/* Begin PBXSourcesBuildPhase section */
		B01B2DDF2C3E6C5F00B981FC /* Sources */ = {
			isa = PBXSourcesBuildPhase;
			buildActionMask = 2147483647;
			files = (
				B01B2E322C4122FD00B981FC /* CustomHeaderView.swift in Sources */,
				B01B2E0D2C3EBA3700B981FC /* WeatherTableViewCell.swift in Sources */,
				B01B2E512C426DC200B981FC /* CitySearchTableViewCell.swift in Sources */,
				B01B2E572C42858F00B981FC /* CitySearchViewModel.swift in Sources */,
				B01B2E092C3EAC9200B981FC /* Reusable.swift in Sources */,
				B01B2E432C41492E00B981FC /* WeatherViewModel.swift in Sources */,
				B01B2E462C41660A00B981FC /* CurrentWeatherModel.swift in Sources */,
				B01B2E3D2C41374800B981FC /* DailyIntervalTableViewCell.swift in Sources */,
				B01B2E3F2C41406700B981FC /* DailyforecastTableViewCell.swift in Sources */,
				B01B2E152C3EC51200B981FC /* APIManager.swift in Sources */,
				B01B2E0B2C3EACF300B981FC /* BaseCollectionViewCell.swift in Sources */,
				B01B2E052C3EAC5500B981FC /* WeatherCollectionViewCell.swift in Sources */,
				B01B2E382C412C6500B981FC /* HeaderView.swift in Sources */,
				B01B2E1D2C3EC87800B981FC /* WeatherForecaseModel.swift in Sources */,
				B01B2E532C42751E00B981FC /* CityListModel.swift in Sources */,
				B01B2E412C4148B800B981FC /* Observable.swift in Sources */,
				B01B2E172C3EC60400B981FC /* WeatherRequest.swift in Sources */,
				B01B2E4F2C425E6000B981FC /* CitySearchViewController.swift in Sources */,
				B01B2E192C3EC78D00B981FC /* WeatherManager.swift in Sources */,
				B01B2E0F2C3EBA4A00B981FC /* BaseTableViewCell.swift in Sources */,
				B01B2DEB2C3E6C5F00B981FC /* WeatherViewController.swift in Sources */,
				B01B2E2F2C411A7F00B981FC /* SectionType.swift in Sources */,
				B01B2DFB2C3E9DA600B981FC /* BaseViewController.swift in Sources */,
				B01B2E3A2C41323100B981FC /* BaseView.swift in Sources */,
				B01B2DE72C3E6C5F00B981FC /* AppDelegate.swift in Sources */,
				B01B2DE92C3E6C5F00B981FC /* SceneDelegate.swift in Sources */,
			);
			runOnlyForDeploymentPostprocessing = 0;
		};
/* End PBXSourcesBuildPhase section */

/* Begin PBXVariantGroup section */
		B01B2DEC2C3E6C5F00B981FC /* Main.storyboard */ = {
			isa = PBXVariantGroup;
			children = (
				B01B2DED2C3E6C5F00B981FC /* Base */,
			);
			name = Main.storyboard;
			sourceTree = "<group>";
		};
		B01B2DF12C3E6C6100B981FC /* LaunchScreen.storyboard */ = {
			isa = PBXVariantGroup;
			children = (
				B01B2DF22C3E6C6100B981FC /* Base */,
			);
			name = LaunchScreen.storyboard;
			sourceTree = "<group>";
		};
/* End PBXVariantGroup section */

/* Begin XCBuildConfiguration section */
		B01B2DF52C3E6C6100B981FC /* Debug */ = {
			isa = XCBuildConfiguration;
			buildSettings = {
				ALWAYS_SEARCH_USER_PATHS = NO;
				ASSETCATALOG_COMPILER_GENERATE_SWIFT_ASSET_SYMBOL_EXTENSIONS = YES;
				CLANG_ANALYZER_NONNULL = YES;
				CLANG_ANALYZER_NUMBER_OBJECT_CONVERSION = YES_AGGRESSIVE;
				CLANG_CXX_LANGUAGE_STANDARD = "gnu++20";
				CLANG_ENABLE_MODULES = YES;
				CLANG_ENABLE_OBJC_ARC = YES;
				CLANG_ENABLE_OBJC_WEAK = YES;
				CLANG_WARN_BLOCK_CAPTURE_AUTORELEASING = YES;
				CLANG_WARN_BOOL_CONVERSION = YES;
				CLANG_WARN_COMMA = YES;
				CLANG_WARN_CONSTANT_CONVERSION = YES;
				CLANG_WARN_DEPRECATED_OBJC_IMPLEMENTATIONS = YES;
				CLANG_WARN_DIRECT_OBJC_ISA_USAGE = YES_ERROR;
				CLANG_WARN_DOCUMENTATION_COMMENTS = YES;
				CLANG_WARN_EMPTY_BODY = YES;
				CLANG_WARN_ENUM_CONVERSION = YES;
				CLANG_WARN_INFINITE_RECURSION = YES;
				CLANG_WARN_INT_CONVERSION = YES;
				CLANG_WARN_NON_LITERAL_NULL_CONVERSION = YES;
				CLANG_WARN_OBJC_IMPLICIT_RETAIN_SELF = YES;
				CLANG_WARN_OBJC_LITERAL_CONVERSION = YES;
				CLANG_WARN_OBJC_ROOT_CLASS = YES_ERROR;
				CLANG_WARN_QUOTED_INCLUDE_IN_FRAMEWORK_HEADER = YES;
				CLANG_WARN_RANGE_LOOP_ANALYSIS = YES;
				CLANG_WARN_STRICT_PROTOTYPES = YES;
				CLANG_WARN_SUSPICIOUS_MOVE = YES;
				CLANG_WARN_UNGUARDED_AVAILABILITY = YES_AGGRESSIVE;
				CLANG_WARN_UNREACHABLE_CODE = YES;
				CLANG_WARN__DUPLICATE_METHOD_MATCH = YES;
				COPY_PHASE_STRIP = NO;
				DEBUG_INFORMATION_FORMAT = dwarf;
				ENABLE_STRICT_OBJC_MSGSEND = YES;
				ENABLE_TESTABILITY = YES;
				ENABLE_USER_SCRIPT_SANDBOXING = YES;
				GCC_C_LANGUAGE_STANDARD = gnu17;
				GCC_DYNAMIC_NO_PIC = NO;
				GCC_NO_COMMON_BLOCKS = YES;
				GCC_OPTIMIZATION_LEVEL = 0;
				GCC_PREPROCESSOR_DEFINITIONS = (
					"DEBUG=1",
					"$(inherited)",
				);
				GCC_WARN_64_TO_32_BIT_CONVERSION = YES;
				GCC_WARN_ABOUT_RETURN_TYPE = YES_ERROR;
				GCC_WARN_UNDECLARED_SELECTOR = YES;
				GCC_WARN_UNINITIALIZED_AUTOS = YES_AGGRESSIVE;
				GCC_WARN_UNUSED_FUNCTION = YES;
				GCC_WARN_UNUSED_VARIABLE = YES;
				IPHONEOS_DEPLOYMENT_TARGET = 17.5;
				LOCALIZATION_PREFERS_STRING_CATALOGS = YES;
				MTL_ENABLE_DEBUG_INFO = INCLUDE_SOURCE;
				MTL_FAST_MATH = YES;
				ONLY_ACTIVE_ARCH = YES;
				SDKROOT = iphoneos;
				SWIFT_ACTIVE_COMPILATION_CONDITIONS = "DEBUG $(inherited)";
				SWIFT_OPTIMIZATION_LEVEL = "-Onone";
			};
			name = Debug;
		};
		B01B2DF62C3E6C6100B981FC /* Release */ = {
			isa = XCBuildConfiguration;
			buildSettings = {
				ALWAYS_SEARCH_USER_PATHS = NO;
				ASSETCATALOG_COMPILER_GENERATE_SWIFT_ASSET_SYMBOL_EXTENSIONS = YES;
				CLANG_ANALYZER_NONNULL = YES;
				CLANG_ANALYZER_NUMBER_OBJECT_CONVERSION = YES_AGGRESSIVE;
				CLANG_CXX_LANGUAGE_STANDARD = "gnu++20";
				CLANG_ENABLE_MODULES = YES;
				CLANG_ENABLE_OBJC_ARC = YES;
				CLANG_ENABLE_OBJC_WEAK = YES;
				CLANG_WARN_BLOCK_CAPTURE_AUTORELEASING = YES;
				CLANG_WARN_BOOL_CONVERSION = YES;
				CLANG_WARN_COMMA = YES;
				CLANG_WARN_CONSTANT_CONVERSION = YES;
				CLANG_WARN_DEPRECATED_OBJC_IMPLEMENTATIONS = YES;
				CLANG_WARN_DIRECT_OBJC_ISA_USAGE = YES_ERROR;
				CLANG_WARN_DOCUMENTATION_COMMENTS = YES;
				CLANG_WARN_EMPTY_BODY = YES;
				CLANG_WARN_ENUM_CONVERSION = YES;
				CLANG_WARN_INFINITE_RECURSION = YES;
				CLANG_WARN_INT_CONVERSION = YES;
				CLANG_WARN_NON_LITERAL_NULL_CONVERSION = YES;
				CLANG_WARN_OBJC_IMPLICIT_RETAIN_SELF = YES;
				CLANG_WARN_OBJC_LITERAL_CONVERSION = YES;
				CLANG_WARN_OBJC_ROOT_CLASS = YES_ERROR;
				CLANG_WARN_QUOTED_INCLUDE_IN_FRAMEWORK_HEADER = YES;
				CLANG_WARN_RANGE_LOOP_ANALYSIS = YES;
				CLANG_WARN_STRICT_PROTOTYPES = YES;
				CLANG_WARN_SUSPICIOUS_MOVE = YES;
				CLANG_WARN_UNGUARDED_AVAILABILITY = YES_AGGRESSIVE;
				CLANG_WARN_UNREACHABLE_CODE = YES;
				CLANG_WARN__DUPLICATE_METHOD_MATCH = YES;
				COPY_PHASE_STRIP = NO;
				DEBUG_INFORMATION_FORMAT = "dwarf-with-dsym";
				ENABLE_NS_ASSERTIONS = NO;
				ENABLE_STRICT_OBJC_MSGSEND = YES;
				ENABLE_USER_SCRIPT_SANDBOXING = YES;
				GCC_C_LANGUAGE_STANDARD = gnu17;
				GCC_NO_COMMON_BLOCKS = YES;
				GCC_WARN_64_TO_32_BIT_CONVERSION = YES;
				GCC_WARN_ABOUT_RETURN_TYPE = YES_ERROR;
				GCC_WARN_UNDECLARED_SELECTOR = YES;
				GCC_WARN_UNINITIALIZED_AUTOS = YES_AGGRESSIVE;
				GCC_WARN_UNUSED_FUNCTION = YES;
				GCC_WARN_UNUSED_VARIABLE = YES;
				IPHONEOS_DEPLOYMENT_TARGET = 17.5;
				LOCALIZATION_PREFERS_STRING_CATALOGS = YES;
				MTL_ENABLE_DEBUG_INFO = NO;
				MTL_FAST_MATH = YES;
				SDKROOT = iphoneos;
				SWIFT_COMPILATION_MODE = wholemodule;
				VALIDATE_PRODUCT = YES;
			};
			name = Release;
		};
		B01B2DF82C3E6C6100B981FC /* Debug */ = {
			isa = XCBuildConfiguration;
			buildSettings = {
				ASSETCATALOG_COMPILER_APPICON_NAME = AppIcon;
				ASSETCATALOG_COMPILER_GLOBAL_ACCENT_COLOR_NAME = AccentColor;
				CODE_SIGN_STYLE = Automatic;
				CURRENT_PROJECT_VERSION = 1;
				GENERATE_INFOPLIST_FILE = YES;
				INFOPLIST_FILE = CityWeather/Info.plist;
				INFOPLIST_KEY_UIApplicationSupportsIndirectInputEvents = YES;
				INFOPLIST_KEY_UILaunchStoryboardName = LaunchScreen;
				INFOPLIST_KEY_UIMainStoryboardFile = Main;
				INFOPLIST_KEY_UISupportedInterfaceOrientations_iPad = "UIInterfaceOrientationPortrait UIInterfaceOrientationPortraitUpsideDown UIInterfaceOrientationLandscapeLeft UIInterfaceOrientationLandscapeRight";
				INFOPLIST_KEY_UISupportedInterfaceOrientations_iPhone = "UIInterfaceOrientationPortrait UIInterfaceOrientationLandscapeLeft UIInterfaceOrientationLandscapeRight";
				LD_RUNPATH_SEARCH_PATHS = (
					"$(inherited)",
					"@executable_path/Frameworks",
				);
				MARKETING_VERSION = 1.0;
				PRODUCT_BUNDLE_IDENTIFIER = com.miley.CityWeather;
				PRODUCT_NAME = "$(TARGET_NAME)";
				SUPPORTED_PLATFORMS = "iphoneos iphonesimulator";
				SUPPORTS_MACCATALYST = NO;
				SUPPORTS_MAC_DESIGNED_FOR_IPHONE_IPAD = NO;
				SUPPORTS_XR_DESIGNED_FOR_IPHONE_IPAD = NO;
				SWIFT_EMIT_LOC_STRINGS = YES;
				SWIFT_VERSION = 5.0;
				TARGETED_DEVICE_FAMILY = 1;
			};
			name = Debug;
		};
		B01B2DF92C3E6C6100B981FC /* Release */ = {
			isa = XCBuildConfiguration;
			buildSettings = {
				ASSETCATALOG_COMPILER_APPICON_NAME = AppIcon;
				ASSETCATALOG_COMPILER_GLOBAL_ACCENT_COLOR_NAME = AccentColor;
				CODE_SIGN_STYLE = Automatic;
				CURRENT_PROJECT_VERSION = 1;
				GENERATE_INFOPLIST_FILE = YES;
				INFOPLIST_FILE = CityWeather/Info.plist;
				INFOPLIST_KEY_UIApplicationSupportsIndirectInputEvents = YES;
				INFOPLIST_KEY_UILaunchStoryboardName = LaunchScreen;
				INFOPLIST_KEY_UIMainStoryboardFile = Main;
				INFOPLIST_KEY_UISupportedInterfaceOrientations_iPad = "UIInterfaceOrientationPortrait UIInterfaceOrientationPortraitUpsideDown UIInterfaceOrientationLandscapeLeft UIInterfaceOrientationLandscapeRight";
				INFOPLIST_KEY_UISupportedInterfaceOrientations_iPhone = "UIInterfaceOrientationPortrait UIInterfaceOrientationLandscapeLeft UIInterfaceOrientationLandscapeRight";
				LD_RUNPATH_SEARCH_PATHS = (
					"$(inherited)",
					"@executable_path/Frameworks",
				);
				MARKETING_VERSION = 1.0;
				PRODUCT_BUNDLE_IDENTIFIER = com.miley.CityWeather;
				PRODUCT_NAME = "$(TARGET_NAME)";
				SUPPORTED_PLATFORMS = "iphoneos iphonesimulator";
				SUPPORTS_MACCATALYST = NO;
				SUPPORTS_MAC_DESIGNED_FOR_IPHONE_IPAD = NO;
				SUPPORTS_XR_DESIGNED_FOR_IPHONE_IPAD = NO;
				SWIFT_EMIT_LOC_STRINGS = YES;
				SWIFT_VERSION = 5.0;
				TARGETED_DEVICE_FAMILY = 1;
			};
			name = Release;
		};
/* End XCBuildConfiguration section */

/* Begin XCConfigurationList section */
		B01B2DDE2C3E6C5F00B981FC /* Build configuration list for PBXProject "CityWeather" */ = {
			isa = XCConfigurationList;
			buildConfigurations = (
				B01B2DF52C3E6C6100B981FC /* Debug */,
				B01B2DF62C3E6C6100B981FC /* Release */,
			);
			defaultConfigurationIsVisible = 0;
			defaultConfigurationName = Release;
		};
		B01B2DF72C3E6C6100B981FC /* Build configuration list for PBXNativeTarget "CityWeather" */ = {
			isa = XCConfigurationList;
			buildConfigurations = (
				B01B2DF82C3E6C6100B981FC /* Debug */,
				B01B2DF92C3E6C6100B981FC /* Release */,
			);
			defaultConfigurationIsVisible = 0;
			defaultConfigurationName = Release;
		};
/* End XCConfigurationList section */

/* Begin XCRemoteSwiftPackageReference section */
		B01B2DFC2C3E9E4200B981FC /* XCRemoteSwiftPackageReference "SnapKit" */ = {
			isa = XCRemoteSwiftPackageReference;
			repositoryURL = "https://github.com/SnapKit/SnapKit.git";
			requirement = {
				kind = upToNextMajorVersion;
				minimumVersion = 5.7.1;
			};
		};
		B01B2DFF2C3E9E4B00B981FC /* XCRemoteSwiftPackageReference "Alamofire" */ = {
			isa = XCRemoteSwiftPackageReference;
			repositoryURL = "https://github.com/Alamofire/Alamofire.git";
			requirement = {
				kind = upToNextMajorVersion;
				minimumVersion = 5.9.1;
			};
		};
		B01B2E472C418CC800B981FC /* XCRemoteSwiftPackageReference "Kingfisher" */ = {
			isa = XCRemoteSwiftPackageReference;
			repositoryURL = "https://github.com/onevcat/Kingfisher.git";
			requirement = {
				kind = upToNextMajorVersion;
				minimumVersion = 7.12.0;
			};
		};
/* End XCRemoteSwiftPackageReference section */

/* Begin XCSwiftPackageProductDependency section */
		B01B2DFD2C3E9E4200B981FC /* SnapKit */ = {
			isa = XCSwiftPackageProductDependency;
			package = B01B2DFC2C3E9E4200B981FC /* XCRemoteSwiftPackageReference "SnapKit" */;
			productName = SnapKit;
		};
		B01B2E002C3E9E4B00B981FC /* Alamofire */ = {
			isa = XCSwiftPackageProductDependency;
			package = B01B2DFF2C3E9E4B00B981FC /* XCRemoteSwiftPackageReference "Alamofire" */;
			productName = Alamofire;
		};
		B01B2E482C418CC900B981FC /* Kingfisher */ = {
			isa = XCSwiftPackageProductDependency;
			package = B01B2E472C418CC800B981FC /* XCRemoteSwiftPackageReference "Kingfisher" */;
			productName = Kingfisher;
		};
/* End XCSwiftPackageProductDependency section */
	};
	rootObject = B01B2DDB2C3E6C5F00B981FC /* Project object */;
}
